
Microsoft Visual Studio Solution File, Format Version 12.00
# Visual Studio Version 17
VisualStudioVersion = 17.10.35013.160
MinimumVisualStudioVersion = 10.0.40219.1
Project("{FAE04EC0-301F-11D3-BF4B-00C04F79EFBC}") = "InheritanceCS", "InheritanceCS\InheritanceCS.csproj", "{50E26076-9EDC-4600-ACF8-1E4859100798}"
EndProject
Project("{FAE04EC0-301F-11D3-BF4B-00C04F79EFBC}") = "Academy", "Academy\Academy.csproj", "{AFD5570A-C190-4D6B-85EE-FCD016CC2A91}"
EndProject
Global
	GlobalSection(SolutionConfigurationPlatforms) = preSolution
		Debug|Any CPU = Debug|Any CPU
		Release|Any CPU = Release|Any CPU
	EndGlobalSection
	GlobalSection(ProjectConfigurationPlatforms) = postSolution
		{50E26076-9EDC-4600-ACF8-1E4859100798}.Debug|Any CPU.ActiveCfg = Debug|Any CPU
		{50E26076-9EDC-4600-ACF8-1E4859100798}.Debug|Any CPU.Build.0 = Debug|Any CPU
		{50E26076-9EDC-4600-ACF8-1E4859100798}.Release|Any CPU.ActiveCfg = Release|Any CPU
		{50E26076-9EDC-4600-ACF8-1E4859100798}.Release|Any CPU.Build.0 = Release|Any CPU
		{AFD5570A-C190-4D6B-85EE-FCD016CC2A91}.Debug|Any CPU.ActiveCfg = Debug|Any CPU
		{AFD5570A-C190-4D6B-85EE-FCD016CC2A91}.Debug|Any CPU.Build.0 = Debug|Any CPU
		{AFD5570A-C190-4D6B-85EE-FCD016CC2A91}.Release|Any CPU.ActiveCfg = Release|Any CPU
		{AFD5570A-C190-4D6B-85EE-FCD016CC2A91}.Release|Any CPU.Build.0 = Release|Any CPU
	EndGlobalSection
	GlobalSection(SolutionProperties) = preSolution
		HideSolutionNode = FALSE
	EndGlobalSection
	GlobalSection(ExtensibilityGlobals) = postSolution
		SolutionGuid = {B25BB820-0A0C-4D46-B438-C20708E23C80}
	EndGlobalSection
EndGlobal
